{
  "R": {
    "Version": "4.1.2",
    "Repositories": [
      {
        "Name": "binarios",
        "URL": "https://packagemanager.rstudio.com/all/latest"
      },
      {
        "Name": "ropenspain",
        "URL": "https://ropenspain.r-universe.dev"
      }
    ]
  },
  "Packages": {
    "renv": {
      "Package": "renv",
      "Version": "0.16.0",
      "Source": "Repository",
      "Repository": "CRAN",
      "Hash": "c9e8442ab69bc21c9697ecf856c1e6c7",
      "Requirements": []
    }
  }
}
